
Microsoft Visual Studio Solution File, Format Version 12.00
# Visual Studio Version 17
VisualStudioVersion = 17.10.34928.147
MinimumVisualStudioVersion = 10.0.40219.1
Project("{9A19103F-16F7-4668-BE54-9A1E7A4F7556}") = "Demo", "Demo\Demo.csproj", "{4AB2175B-04F0-43F7-ABDE-44C05CD204F7}"
EndProject
Project("{9A19103F-16F7-4668-BE54-9A1E7A4F7556}") = "HataKontrol", "HataKontrol\HataKontrol.csproj", "{CDDA1A16-16F8-4D1D-BC63-39F0F92E5FD2}"
EndProject
Project("{9A19103F-16F7-4668-BE54-9A1E7A4F7556}") = "Donguler", "Donguler\Donguler.csproj", "{72ACFB09-536D-4720-80DF-85D05BA6ACBA}"
EndProject
Project("{9A19103F-16F7-4668-BE54-9A1E7A4F7556}") = "ManevratikKomutlar", "ManevratikKomutlar\ManevratikKomutlar.csproj", "{B8EF5E0A-8AC6-4EC9-91BA-777121305550}"
EndProject
Project("{9A19103F-16F7-4668-BE54-9A1E7A4F7556}") = "Diziler", "Diziler\Diziler.csproj", "{D8FA90C6-E072-406B-B51A-E37DE0DBE1D3}"
EndProject
Project("{9A19103F-16F7-4668-BE54-9A1E7A4F7556}") = "SystemRangesIndices", "SystemRangesIndices\SystemRangesIndices.csproj", "{9EB3632C-37DF-47DD-8577-614B92619FB3}"
EndProject
Project("{9A19103F-16F7-4668-BE54-9A1E7A4F7556}") = "CokBoyutluDiziler", "CokBoyutluDiziler\CokBoyutluDiziler.csproj", "{DCE588C7-594E-4A56-8306-353FD7CCEC79}"
EndProject
Project("{9A19103F-16F7-4668-BE54-9A1E7A4F7556}") = "String_Turu", "String_Turu\String_Turu.csproj", "{FD5EC74B-3067-4C4E-B931-FDFF1BFB8B37}"
EndProject
Project("{9A19103F-16F7-4668-BE54-9A1E7A4F7556}") = "StringFonksiyonlari", "StringFonksiyonlari\StringFonksiyonlari.csproj", "{D34474C9-C1F2-41BD-A2DC-D6C917798499}"
EndProject
Project("{9A19103F-16F7-4668-BE54-9A1E7A4F7556}") = "Calismalar", "Calismalar\Calismalar.csproj", "{81586A16-DA69-4AB1-B276-E64FAE89B7B5}"
EndProject
Project("{9A19103F-16F7-4668-BE54-9A1E7A4F7556}") = "DizilerdeVeriselPerformans", "DizilerdeVeriselPerformans\DizilerdeVeriselPerformans.csproj", "{C4ED737F-2BDA-445C-8637-14DC0FE2C16D}"
EndProject
Project("{9A19103F-16F7-4668-BE54-9A1E7A4F7556}") = "RegularExpression", "RegularExpression\RegularExpression.csproj", "{2D53574B-A3C6-4EA1-B239-11F19C96D61A}"
EndProject
Project("{9A19103F-16F7-4668-BE54-9A1E7A4F7556}") = "Koleksiyonlar", "Koleksiyonlar\Koleksiyonlar.csproj", "{4400598D-8619-4875-808A-DBA0354AE088}"
EndProject
Project("{9A19103F-16F7-4668-BE54-9A1E7A4F7556}") = "Iterasyon", "Iterasyon\Iterasyon.csproj", "{EF9D3BFD-22D5-4C42-B407-FAC7C9F3A4AF}"
EndProject
Project("{9A19103F-16F7-4668-BE54-9A1E7A4F7556}") = "Hazir_Kutuphaneler", "Hazir_Kutuphaneler\Hazir_Kutuphaneler.csproj", "{77913927-F96E-4F84-AE4F-F4A0A9EA421E}"
EndProject
Project("{9A19103F-16F7-4668-BE54-9A1E7A4F7556}") = "Metotlar", "Metotlar\Metotlar.csproj", "{4B4977C1-0C15-499D-A4B2-1638242CEB31}"
EndProject
Project("{FAE04EC0-301F-11D3-BF4B-00C04F79EFBC}") = "BubbleSortAlg", "BubbleSort\BubbleSortAlg.csproj", "{1837A6A7-F0D5-49E6-A90C-4DDD747D6540}"
EndProject
Global
	GlobalSection(SolutionConfigurationPlatforms) = preSolution
		Debug|Any CPU = Debug|Any CPU
		Release|Any CPU = Release|Any CPU
	EndGlobalSection
	GlobalSection(ProjectConfigurationPlatforms) = postSolution
		{4AB2175B-04F0-43F7-ABDE-44C05CD204F7}.Debug|Any CPU.ActiveCfg = Debug|Any CPU
		{4AB2175B-04F0-43F7-ABDE-44C05CD204F7}.Debug|Any CPU.Build.0 = Debug|Any CPU
		{4AB2175B-04F0-43F7-ABDE-44C05CD204F7}.Release|Any CPU.ActiveCfg = Release|Any CPU
		{4AB2175B-04F0-43F7-ABDE-44C05CD204F7}.Release|Any CPU.Build.0 = Release|Any CPU
		{CDDA1A16-16F8-4D1D-BC63-39F0F92E5FD2}.Debug|Any CPU.ActiveCfg = Debug|Any CPU
		{CDDA1A16-16F8-4D1D-BC63-39F0F92E5FD2}.Debug|Any CPU.Build.0 = Debug|Any CPU
		{CDDA1A16-16F8-4D1D-BC63-39F0F92E5FD2}.Release|Any CPU.ActiveCfg = Release|Any CPU
		{CDDA1A16-16F8-4D1D-BC63-39F0F92E5FD2}.Release|Any CPU.Build.0 = Release|Any CPU
		{72ACFB09-536D-4720-80DF-85D05BA6ACBA}.Debug|Any CPU.ActiveCfg = Debug|Any CPU
		{72ACFB09-536D-4720-80DF-85D05BA6ACBA}.Debug|Any CPU.Build.0 = Debug|Any CPU
		{72ACFB09-536D-4720-80DF-85D05BA6ACBA}.Release|Any CPU.ActiveCfg = Release|Any CPU
		{72ACFB09-536D-4720-80DF-85D05BA6ACBA}.Release|Any CPU.Build.0 = Release|Any CPU
		{B8EF5E0A-8AC6-4EC9-91BA-777121305550}.Debug|Any CPU.ActiveCfg = Debug|Any CPU
		{B8EF5E0A-8AC6-4EC9-91BA-777121305550}.Debug|Any CPU.Build.0 = Debug|Any CPU
		{B8EF5E0A-8AC6-4EC9-91BA-777121305550}.Release|Any CPU.ActiveCfg = Release|Any CPU
		{B8EF5E0A-8AC6-4EC9-91BA-777121305550}.Release|Any CPU.Build.0 = Release|Any CPU
		{D8FA90C6-E072-406B-B51A-E37DE0DBE1D3}.Debug|Any CPU.ActiveCfg = Debug|Any CPU
		{D8FA90C6-E072-406B-B51A-E37DE0DBE1D3}.Debug|Any CPU.Build.0 = Debug|Any CPU
		{D8FA90C6-E072-406B-B51A-E37DE0DBE1D3}.Release|Any CPU.ActiveCfg = Release|Any CPU
		{D8FA90C6-E072-406B-B51A-E37DE0DBE1D3}.Release|Any CPU.Build.0 = Release|Any CPU
		{9EB3632C-37DF-47DD-8577-614B92619FB3}.Debug|Any CPU.ActiveCfg = Debug|Any CPU
		{9EB3632C-37DF-47DD-8577-614B92619FB3}.Debug|Any CPU.Build.0 = Debug|Any CPU
		{9EB3632C-37DF-47DD-8577-614B92619FB3}.Release|Any CPU.ActiveCfg = Release|Any CPU
		{9EB3632C-37DF-47DD-8577-614B92619FB3}.Release|Any CPU.Build.0 = Release|Any CPU
		{DCE588C7-594E-4A56-8306-353FD7CCEC79}.Debug|Any CPU.ActiveCfg = Debug|Any CPU
		{DCE588C7-594E-4A56-8306-353FD7CCEC79}.Debug|Any CPU.Build.0 = Debug|Any CPU
		{DCE588C7-594E-4A56-8306-353FD7CCEC79}.Release|Any CPU.ActiveCfg = Release|Any CPU
		{DCE588C7-594E-4A56-8306-353FD7CCEC79}.Release|Any CPU.Build.0 = Release|Any CPU
		{FD5EC74B-3067-4C4E-B931-FDFF1BFB8B37}.Debug|Any CPU.ActiveCfg = Debug|Any CPU
		{FD5EC74B-3067-4C4E-B931-FDFF1BFB8B37}.Debug|Any CPU.Build.0 = Debug|Any CPU
		{FD5EC74B-3067-4C4E-B931-FDFF1BFB8B37}.Release|Any CPU.ActiveCfg = Release|Any CPU
		{FD5EC74B-3067-4C4E-B931-FDFF1BFB8B37}.Release|Any CPU.Build.0 = Release|Any CPU
		{D34474C9-C1F2-41BD-A2DC-D6C917798499}.Debug|Any CPU.ActiveCfg = Debug|Any CPU
		{D34474C9-C1F2-41BD-A2DC-D6C917798499}.Debug|Any CPU.Build.0 = Debug|Any CPU
		{D34474C9-C1F2-41BD-A2DC-D6C917798499}.Release|Any CPU.ActiveCfg = Release|Any CPU
		{D34474C9-C1F2-41BD-A2DC-D6C917798499}.Release|Any CPU.Build.0 = Release|Any CPU
		{81586A16-DA69-4AB1-B276-E64FAE89B7B5}.Debug|Any CPU.ActiveCfg = Debug|Any CPU
		{81586A16-DA69-4AB1-B276-E64FAE89B7B5}.Debug|Any CPU.Build.0 = Debug|Any CPU
		{81586A16-DA69-4AB1-B276-E64FAE89B7B5}.Release|Any CPU.ActiveCfg = Release|Any CPU
		{81586A16-DA69-4AB1-B276-E64FAE89B7B5}.Release|Any CPU.Build.0 = Release|Any CPU
		{C4ED737F-2BDA-445C-8637-14DC0FE2C16D}.Debug|Any CPU.ActiveCfg = Debug|Any CPU
		{C4ED737F-2BDA-445C-8637-14DC0FE2C16D}.Debug|Any CPU.Build.0 = Debug|Any CPU
		{C4ED737F-2BDA-445C-8637-14DC0FE2C16D}.Release|Any CPU.ActiveCfg = Release|Any CPU
		{C4ED737F-2BDA-445C-8637-14DC0FE2C16D}.Release|Any CPU.Build.0 = Release|Any CPU
		{2D53574B-A3C6-4EA1-B239-11F19C96D61A}.Debug|Any CPU.ActiveCfg = Debug|Any CPU
		{2D53574B-A3C6-4EA1-B239-11F19C96D61A}.Debug|Any CPU.Build.0 = Debug|Any CPU
		{2D53574B-A3C6-4EA1-B239-11F19C96D61A}.Release|Any CPU.ActiveCfg = Release|Any CPU
		{2D53574B-A3C6-4EA1-B239-11F19C96D61A}.Release|Any CPU.Build.0 = Release|Any CPU
		{4400598D-8619-4875-808A-DBA0354AE088}.Debug|Any CPU.ActiveCfg = Debug|Any CPU
		{4400598D-8619-4875-808A-DBA0354AE088}.Debug|Any CPU.Build.0 = Debug|Any CPU
		{4400598D-8619-4875-808A-DBA0354AE088}.Release|Any CPU.ActiveCfg = Release|Any CPU
		{4400598D-8619-4875-808A-DBA0354AE088}.Release|Any CPU.Build.0 = Release|Any CPU
		{EF9D3BFD-22D5-4C42-B407-FAC7C9F3A4AF}.Debug|Any CPU.ActiveCfg = Debug|Any CPU
		{EF9D3BFD-22D5-4C42-B407-FAC7C9F3A4AF}.Debug|Any CPU.Build.0 = Debug|Any CPU
		{EF9D3BFD-22D5-4C42-B407-FAC7C9F3A4AF}.Release|Any CPU.ActiveCfg = Release|Any CPU
		{EF9D3BFD-22D5-4C42-B407-FAC7C9F3A4AF}.Release|Any CPU.Build.0 = Release|Any CPU
		{77913927-F96E-4F84-AE4F-F4A0A9EA421E}.Debug|Any CPU.ActiveCfg = Debug|Any CPU
		{77913927-F96E-4F84-AE4F-F4A0A9EA421E}.Debug|Any CPU.Build.0 = Debug|Any CPU
		{77913927-F96E-4F84-AE4F-F4A0A9EA421E}.Release|Any CPU.ActiveCfg = Release|Any CPU
		{77913927-F96E-4F84-AE4F-F4A0A9EA421E}.Release|Any CPU.Build.0 = Release|Any CPU
		{4B4977C1-0C15-499D-A4B2-1638242CEB31}.Debug|Any CPU.ActiveCfg = Debug|Any CPU
		{4B4977C1-0C15-499D-A4B2-1638242CEB31}.Debug|Any CPU.Build.0 = Debug|Any CPU
		{4B4977C1-0C15-499D-A4B2-1638242CEB31}.Release|Any CPU.ActiveCfg = Release|Any CPU
		{4B4977C1-0C15-499D-A4B2-1638242CEB31}.Release|Any CPU.Build.0 = Release|Any CPU
		{1837A6A7-F0D5-49E6-A90C-4DDD747D6540}.Debug|Any CPU.ActiveCfg = Debug|Any CPU
		{1837A6A7-F0D5-49E6-A90C-4DDD747D6540}.Debug|Any CPU.Build.0 = Debug|Any CPU
		{1837A6A7-F0D5-49E6-A90C-4DDD747D6540}.Release|Any CPU.ActiveCfg = Release|Any CPU
		{1837A6A7-F0D5-49E6-A90C-4DDD747D6540}.Release|Any CPU.Build.0 = Release|Any CPU
	EndGlobalSection
	GlobalSection(SolutionProperties) = preSolution
		HideSolutionNode = FALSE
	EndGlobalSection
	GlobalSection(ExtensibilityGlobals) = postSolution
		SolutionGuid = {7B044CB4-FA33-4EDC-BCB4-6BD0270C2FA1}
	EndGlobalSection
EndGlobal
